// !$*UTF8*$!
{
	archiveVersion = 1;
	classes = {
	};
	objectVersion = 46;
	objects = {

/* Begin PBXBuildFile section */
		555564671604743E0086039A /* background.png in Resources */ = {isa = PBXBuildFile; fileRef = 555564651604743E0086039A /* background.png */; };
		555564681604743E0086039A /* background@2x.png in Resources */ = {isa = PBXBuildFile; fileRef = 555564661604743E0086039A /* background@2x.png */; };
		5555646F16047E1D0086039A /* DataManager.m in Sources */ = {isa = PBXBuildFile; fileRef = 5555646E16047E1D0086039A /* DataManager.m */; };
		555564751604DBC20086039A /* TextFieldWithKey.m in Sources */ = {isa = PBXBuildFile; fileRef = 555564741604DBC20086039A /* TextFieldWithKey.m */; };
		555D44781683C329003DE187 /* Under chest_1.png in Resources */ = {isa = PBXBuildFile; fileRef = 555D44761683C329003DE187 /* Under chest_1.png */; };
		555D44791683C329003DE187 /* Under chest_side_1.png in Resources */ = {isa = PBXBuildFile; fileRef = 555D44771683C329003DE187 /* Under chest_side_1.png */; };
		555D447C1683C54C003DE187 /* Contour.png in Resources */ = {isa = PBXBuildFile; fileRef = 555D447B1683C54C003DE187 /* Contour.png */; };
		555D447F1683C778003DE187 /* SideContour.png in Resources */ = {isa = PBXBuildFile; fileRef = 555D44811683C778003DE187 /* SideContour.png */; };
		555D448B1683DEB2003DE187 /* Icon-72.png in Resources */ = {isa = PBXBuildFile; fileRef = 555D44871683DEB2003DE187 /* Icon-72.png */; };
		555D448C1683DEB2003DE187 /* Icon-Small-50.png in Resources */ = {isa = PBXBuildFile; fileRef = 555D44881683DEB2003DE187 /* Icon-Small-50.png */; };
		555D448D1683DEB2003DE187 /* Icon-Small.png in Resources */ = {isa = PBXBuildFile; fileRef = 555D44891683DEB2003DE187 /* Icon-Small.png */; };
		555D448E1683DEB2003DE187 /* Icon-Small@2x.png in Resources */ = {isa = PBXBuildFile; fileRef = 555D448A1683DEB2003DE187 /* Icon-Small@2x.png */; };
		556C95F7167D1361000385BB /* TipsViewController.m in Sources */ = {isa = PBXBuildFile; fileRef = 556C95F5167D1361000385BB /* TipsViewController.m */; };
		556C95F8167D1361000385BB /* TipsView.xib in Resources */ = {isa = PBXBuildFile; fileRef = 556C95F6167D1361000385BB /* TipsView.xib */; };
		5594B3441681A72D003B8D20 /* FeedbackViewController.m in Sources */ = {isa = PBXBuildFile; fileRef = 5594B3421681A72D003B8D20 /* FeedbackViewController.m */; };
		5594B3451681A72D003B8D20 /* FeedbackView.xib in Resources */ = {isa = PBXBuildFile; fileRef = 5594B3431681A72D003B8D20 /* FeedbackView.xib */; };
		5599957515C57818007B7F15 /* UIImageResize.m in Sources */ = {isa = PBXBuildFile; fileRef = 5599957415C57818007B7F15 /* UIImageResize.m */; };
		559F04611699BD570004AB3A /* checkImage.png in Resources */ = {isa = PBXBuildFile; fileRef = 559F04601699BD570004AB3A /* checkImage.png */; };
		559F046C1699DD860004AB3A /* LICENSE in Resources */ = {isa = PBXBuildFile; fileRef = 559F04641699DD860004AB3A /* LICENSE */; };
		559F046D1699DD860004AB3A /* LocalyticsDatabase.m in Sources */ = {isa = PBXBuildFile; fileRef = 559F04661699DD860004AB3A /* LocalyticsDatabase.m */; };
		559F046E1699DD860004AB3A /* LocalyticsSession.m in Sources */ = {isa = PBXBuildFile; fileRef = 559F04681699DD860004AB3A /* LocalyticsSession.m */; };
		559F046F1699DD860004AB3A /* LocalyticsUploader.m in Sources */ = {isa = PBXBuildFile; fileRef = 559F046A1699DD860004AB3A /* LocalyticsUploader.m */; };
		559F04711699E0280004AB3A /* libz.dylib in Frameworks */ = {isa = PBXBuildFile; fileRef = 559F04701699E0280004AB3A /* libz.dylib */; };
		559F04731699E03E0004AB3A /* libsqlite3.dylib in Frameworks */ = {isa = PBXBuildFile; fileRef = 559F04721699E03E0004AB3A /* libsqlite3.dylib */; };
		559F04751699E05E0004AB3A /* AdSupport.framework in Frameworks */ = {isa = PBXBuildFile; fileRef = 559F04741699E05E0004AB3A /* AdSupport.framework */; settings = {ATTRIBUTES = (Weak, ); }; };
		559F0480169A05710004AB3A /* leftArrow.png in Resources */ = {isa = PBXBuildFile; fileRef = 559F047E169A05700004AB3A /* leftArrow.png */; };
		559F0481169A05710004AB3A /* rightArrow.png in Resources */ = {isa = PBXBuildFile; fileRef = 559F047F169A05700004AB3A /* rightArrow.png */; };
		559F0483169AFC110004AB3A /* MessageUI.framework in Frameworks */ = {isa = PBXBuildFile; fileRef = 559F0482169AFC110004AB3A /* MessageUI.framework */; };
		559F0490169D7DE80004AB3A /* changeCamera.png in Resources */ = {isa = PBXBuildFile; fileRef = 559F048E169D7DE80004AB3A /* changeCamera.png */; };
		559F0491169D7DE80004AB3A /* mainCamera.png in Resources */ = {isa = PBXBuildFile; fileRef = 559F048F169D7DE80004AB3A /* mainCamera.png */; };
		559F0494169D7E480004AB3A /* OverlayViewController.m in Sources */ = {isa = PBXBuildFile; fileRef = 559F0493169D7E480004AB3A /* OverlayViewController.m */; };
		559F0496169D7E500004AB3A /* ImageOverlayView.xib in Resources */ = {isa = PBXBuildFile; fileRef = 559F0495169D7E500004AB3A /* ImageOverlayView.xib */; };
		559F0498169D7E570004AB3A /* ImageOverlayView568.xib in Resources */ = {isa = PBXBuildFile; fileRef = 559F0497169D7E570004AB3A /* ImageOverlayView568.xib */; };
		559F049B169DED6C0004AB3A /* BrandManager.m in Sources */ = {isa = PBXBuildFile; fileRef = 559F049A169DED6C0004AB3A /* BrandManager.m */; };
		559F049E169DEEB10004AB3A /* Brands.plist in Resources */ = {isa = PBXBuildFile; fileRef = 559F049D169DEEB10004AB3A /* Brands.plist */; };
		559F04A2169DF0DC0004AB3A /* BrandsViewController.m in Sources */ = {isa = PBXBuildFile; fileRef = 559F04A0169DF0DB0004AB3A /* BrandsViewController.m */; };
		559F04A3169DF0DC0004AB3A /* BrandsView.xib in Resources */ = {isa = PBXBuildFile; fileRef = 559F04A1169DF0DC0004AB3A /* BrandsView.xib */; };
		559F04AE169F423A0004AB3A /* SizesCell.m in Sources */ = {isa = PBXBuildFile; fileRef = 559F04AD169F423A0004AB3A /* SizesCell.m */; };
		559F04B0169F42650004AB3A /* SizesCell.xib in Resources */ = {isa = PBXBuildFile; fileRef = 559F04AF169F42650004AB3A /* SizesCell.xib */; };
		559F04B4169F4B3D0004AB3A /* BrandSizesViewController.m in Sources */ = {isa = PBXBuildFile; fileRef = 559F04B2169F4B3C0004AB3A /* BrandSizesViewController.m */; };
		559F04B5169F4B3D0004AB3A /* BrandSizesView.xib in Resources */ = {isa = PBXBuildFile; fileRef = 559F04B3169F4B3C0004AB3A /* BrandSizesView.xib */; };
		55A295EF15EE5D7700D256F7 /* LabeledSlider.m in Sources */ = {isa = PBXBuildFile; fileRef = 55A295EE15EE5D7700D256F7 /* LabeledSlider.m */; };
		55A295F215EE5F0B00D256F7 /* MeasureView.m in Sources */ = {isa = PBXBuildFile; fileRef = 55A295F115EE5F0B00D256F7 /* MeasureView.m */; };
		55A479F5164F9848003B9981 /* Skirt_w_1.png in Resources */ = {isa = PBXBuildFile; fileRef = 55A479F4164F9848003B9981 /* Skirt_w_1.png */; };
		55A479F7164F9861003B9981 /* Trousers & jeans_w_1.png in Resources */ = {isa = PBXBuildFile; fileRef = 55A479F6164F9861003B9981 /* Trousers & jeans_w_1.png */; };
		55A479F9164F9886003B9981 /* T-shirt_w_1.png in Resources */ = {isa = PBXBuildFile; fileRef = 55A479F8164F9886003B9981 /* T-shirt_w_1.png */; };
		55A479FB164F989D003B9981 /* Shoes_w_1.png in Resources */ = {isa = PBXBuildFile; fileRef = 55A479FA164F989D003B9981 /* Shoes_w_1.png */; };
		55A479FF164FA480003B9981 /* Shoes_1.png in Resources */ = {isa = PBXBuildFile; fileRef = 55A479FE164FA47F003B9981 /* Shoes_1.png */; };
		55A47A0D164FB5B2003B9981 /* Trousers & jeans_w_0.png in Resources */ = {isa = PBXBuildFile; fileRef = 55A47A0C164FB5B2003B9981 /* Trousers & jeans_w_0.png */; };
		55A47A13164FB7AC003B9981 /* T-shirt_w_0.png in Resources */ = {isa = PBXBuildFile; fileRef = 55A47A12164FB7AC003B9981 /* T-shirt_w_0.png */; };
		55A47A15164FB81F003B9981 /* Shoes_0.png in Resources */ = {isa = PBXBuildFile; fileRef = 55A47A14164FB81F003B9981 /* Shoes_0.png */; };
		55A47A19164FB86D003B9981 /* Shoes_w_0.png in Resources */ = {isa = PBXBuildFile; fileRef = 55A47A18164FB86D003B9981 /* Shoes_w_0.png */; };
		55A47A23164FC042003B9981 /* asBtnBackground_.png in Resources */ = {isa = PBXBuildFile; fileRef = 55A47A22164FC042003B9981 /* asBtnBackground_.png */; };
		55A4A2F1164690B800999D26 /* Skirt_1.png in Resources */ = {isa = PBXBuildFile; fileRef = 55A4A2F0164690B800999D26 /* Skirt_1.png */; };
		55A5FE841643B4E70019755B /* Body_1.png in Resources */ = {isa = PBXBuildFile; fileRef = 55A5FE831643B4E70019755B /* Body_1.png */; };
		55A5FE871643B4FB0019755B /* Trousers & jeans_1.png in Resources */ = {isa = PBXBuildFile; fileRef = 55A5FE861643B4FB0019755B /* Trousers & jeans_1.png */; };
		55A7233415CD5018005977DC /* ResultViewController.m in Sources */ = {isa = PBXBuildFile; fileRef = 55A7233215CD5018005977DC /* ResultViewController.m */; };
		55A7233515CD5018005977DC /* ResultView.xib in Resources */ = {isa = PBXBuildFile; fileRef = 55A7233315CD5018005977DC /* ResultView.xib */; };
		55A7233E15CE9DBA005977DC /* MeasureViewController.m in Sources */ = {isa = PBXBuildFile; fileRef = 55A7233C15CE9DBA005977DC /* MeasureViewController.m */; };
		55A7233F15CE9DBA005977DC /* MeasureView.xib in Resources */ = {isa = PBXBuildFile; fileRef = 55A7233D15CE9DBA005977DC /* MeasureView.xib */; };
		55A75B0D16125135008077C5 /* Localizable.strings in Resources */ = {isa = PBXBuildFile; fileRef = 55A75B0F16125135008077C5 /* Localizable.strings */; };
		55A75B1316125135008077C5 /* NewProfileView.xib in Resources */ = {isa = PBXBuildFile; fileRef = 55A75B1216125135008077C5 /* NewProfileView.xib */; };
		55A75B1516125135008077C5 /* RootView.xib in Resources */ = {isa = PBXBuildFile; fileRef = 55A75B1416125135008077C5 /* RootView.xib */; };
		55AC330A15C02D5E00B17709 /* UIKit.framework in Frameworks */ = {isa = PBXBuildFile; fileRef = 55AC330915C02D5E00B17709 /* UIKit.framework */; };
		55AC330C15C02D5E00B17709 /* Foundation.framework in Frameworks */ = {isa = PBXBuildFile; fileRef = 55AC330B15C02D5E00B17709 /* Foundation.framework */; };
		55AC330E15C02D5E00B17709 /* CoreGraphics.framework in Frameworks */ = {isa = PBXBuildFile; fileRef = 55AC330D15C02D5E00B17709 /* CoreGraphics.framework */; };
		55AC331415C02D5E00B17709 /* InfoPlist.strings in Resources */ = {isa = PBXBuildFile; fileRef = 55AC331215C02D5E00B17709 /* InfoPlist.strings */; };
		55AC331615C02D5E00B17709 /* main.m in Sources */ = {isa = PBXBuildFile; fileRef = 55AC331515C02D5E00B17709 /* main.m */; };
		55AC331A15C02D5E00B17709 /* AppDelegate.m in Sources */ = {isa = PBXBuildFile; fileRef = 55AC331915C02D5E00B17709 /* AppDelegate.m */; };
		55AC331D15C02D5E00B17709 /* MasterViewController.m in Sources */ = {isa = PBXBuildFile; fileRef = 55AC331C15C02D5E00B17709 /* MasterViewController.m */; };
		55AC332015C02D5E00B17709 /* NewProfileViewController.m in Sources */ = {isa = PBXBuildFile; fileRef = 55AC331F15C02D5E00B17709 /* NewProfileViewController.m */; };
		55AE3EB6162AF37100CE66E9 /* Body_0.png in Resources */ = {isa = PBXBuildFile; fileRef = 55AE3EB5162AF37100CE66E9 /* Body_0.png */; };
		55AE3EB9162AF37100CE66E9 /* T-shirt_0.png in Resources */ = {isa = PBXBuildFile; fileRef = 55AE3EB7162AF37100CE66E9 /* T-shirt_0.png */; };
		55AE3EBA162AF37100CE66E9 /* Trousers & jeans_0.png in Resources */ = {isa = PBXBuildFile; fileRef = 55AE3EB8162AF37100CE66E9 /* Trousers & jeans_0.png */; };
		55AE83C5165FC13B002CD0E8 /* Coats & jackets_1.png in Resources */ = {isa = PBXBuildFile; fileRef = 55AE83C2165FC13B002CD0E8 /* Coats & jackets_1.png */; };
		55AE83D2165FC300002CD0E8 /* Coats & jackets_w_1.png in Resources */ = {isa = PBXBuildFile; fileRef = 55AE83D1165FC300002CD0E8 /* Coats & jackets_w_1.png */; };
		55AE83D6165FC42E002CD0E8 /* Dress_w_1.png in Resources */ = {isa = PBXBuildFile; fileRef = 55AE83D5165FC42E002CD0E8 /* Dress_w_1.png */; };
		55AE83D8165FC4A1002CD0E8 /* Shirt_w_1.png in Resources */ = {isa = PBXBuildFile; fileRef = 55AE83D7165FC4A1002CD0E8 /* Shirt_w_1.png */; };
		55AE83DA165FC599002CD0E8 /* Shirt_1.png in Resources */ = {isa = PBXBuildFile; fileRef = 55AE83D9165FC599002CD0E8 /* Shirt_1.png */; };
		55AE83DE165FCDB8002CD0E8 /* Dress_1.png in Resources */ = {isa = PBXBuildFile; fileRef = 55AE83DD165FCDB8002CD0E8 /* Dress_1.png */; };
		55AE83EC16613D65002CD0E8 /* World_Flag.png in Resources */ = {isa = PBXBuildFile; fileRef = 55AE83EB16613D65002CD0E8 /* World_Flag.png */; };
		55AE840116622C77002CD0E8 /* barBtn.png in Resources */ = {isa = PBXBuildFile; fileRef = 55AE840016622C77002CD0E8 /* barBtn.png */; };
		55AE840516622F76002CD0E8 /* asBtnBackground.png in Resources */ = {isa = PBXBuildFile; fileRef = 55AE840416622F76002CD0E8 /* asBtnBackground.png */; };
		55AE840B1662802D002CD0E8 /* Underwear_w_0.png in Resources */ = {isa = PBXBuildFile; fileRef = 55AE840A1662802D002CD0E8 /* Underwear_w_0.png */; };
		55AE841716628529002CD0E8 /* Coats & jackets_0.png in Resources */ = {isa = PBXBuildFile; fileRef = 55AE841616628529002CD0E8 /* Coats & jackets_0.png */; };
		55AE841B16628745002CD0E8 /* Shirt_0.png in Resources */ = {isa = PBXBuildFile; fileRef = 55AE841A16628745002CD0E8 /* Shirt_0.png */; };
		55AE841F16628C47002CD0E8 /* Underwear_0.png in Resources */ = {isa = PBXBuildFile; fileRef = 55AE841E16628C47002CD0E8 /* Underwear_0.png */; };
		55AE84231662AA70002CD0E8 /* HowToMeasure568.xib in Resources */ = {isa = PBXBuildFile; fileRef = 55AE84221662AA70002CD0E8 /* HowToMeasure568.xib */; };
		55B444EE1621D4D8004291E2 /* CustomCell.xib in Resources */ = {isa = PBXBuildFile; fileRef = 55B444ED1621D4D8004291E2 /* CustomCell.xib */; };
		55B444F11621D59A004291E2 /* CustomCell.m in Sources */ = {isa = PBXBuildFile; fileRef = 55B444F01621D59A004291E2 /* CustomCell.m */; };
		55B6DFF515EA798200D45064 /* MeasureByParamsViewController.m in Sources */ = {isa = PBXBuildFile; fileRef = 55B6DFF315EA798200D45064 /* MeasureByParamsViewController.m */; };
		55B6DFF615EA798200D45064 /* MeasureByParamsView.xib in Resources */ = {isa = PBXBuildFile; fileRef = 55B6DFF415EA798200D45064 /* MeasureByParamsView.xib */; };
		55B6DFF915EA7BA600D45064 /* bottomRow.png in Resources */ = {isa = PBXBuildFile; fileRef = 55B6DFF815EA7BA600D45064 /* bottomRow.png */; };
		55B6DFFE15EA7BB600D45064 /* topAndBottomRow.png in Resources */ = {isa = PBXBuildFile; fileRef = 55B6DFFB15EA7BB600D45064 /* topAndBottomRow.png */; };
		55B6DFFF15EA7BB600D45064 /* topRow.png in Resources */ = {isa = PBXBuildFile; fileRef = 55B6DFFC15EA7BB600D45064 /* topRow.png */; };
		55B9EB1715F106C50023290B /* ruler.png in Resources */ = {isa = PBXBuildFile; fileRef = 55B9EB1615F106C50023290B /* ruler.png */; };
		55B9EB2215F14EAC0023290B /* EU_Flag.png in Resources */ = {isa = PBXBuildFile; fileRef = 55B9EB1D15F14EAC0023290B /* EU_Flag.png */; };
		55B9EB2315F14EAC0023290B /* Jap_Flag.png in Resources */ = {isa = PBXBuildFile; fileRef = 55B9EB1E15F14EAC0023290B /* Jap_Flag.png */; };
		55B9EB2415F14EAC0023290B /* RUS_Flag.png in Resources */ = {isa = PBXBuildFile; fileRef = 55B9EB1F15F14EAC0023290B /* RUS_Flag.png */; };
		55B9EB2515F14EAC0023290B /* UK_Flag.png in Resources */ = {isa = PBXBuildFile; fileRef = 55B9EB2015F14EAC0023290B /* UK_Flag.png */; };
		55B9EB2615F14EAC0023290B /* US_Flag.png in Resources */ = {isa = PBXBuildFile; fileRef = 55B9EB2115F14EAC0023290B /* US_Flag.png */; };
		55C36558164CE30E00705D26 /* wardrobe.png in Resources */ = {isa = PBXBuildFile; fileRef = 55C36557164CE30E00705D26 /* wardrobe.png */; };
		55C3655C164E38DD00705D26 /* navBar.png in Resources */ = {isa = PBXBuildFile; fileRef = 55C3655A164E38DD00705D26 /* navBar.png */; };
		55C3655D164E38DD00705D26 /* navBar@2x.png in Resources */ = {isa = PBXBuildFile; fileRef = 55C3655B164E38DD00705D26 /* navBar@2x.png */; };
		55C36567164E534200705D26 /* T-shirt_1.png in Resources */ = {isa = PBXBuildFile; fileRef = 55C36566164E534100705D26 /* T-shirt_1.png */; };
		55C6E7AE1629A2ED004B0743 /* middleRow.png in Resources */ = {isa = PBXBuildFile; fileRef = 55C6E7AD1629A2ED004B0743 /* middleRow.png */; };
		55CDC5C615C98A280051C5F3 /* Default.png in Resources */ = {isa = PBXBuildFile; fileRef = 55CDC5C415C98A280051C5F3 /* Default.png */; };
		55CDC5C715C98A280051C5F3 /* Default@2x.png in Resources */ = {isa = PBXBuildFile; fileRef = 55CDC5C515C98A280051C5F3 /* Default@2x.png */; };
		55CDC5CC15C9B7830051C5F3 /* HowToMeasureViewController.m in Sources */ = {isa = PBXBuildFile; fileRef = 55CDC5CA15C9B7830051C5F3 /* HowToMeasureViewController.m */; };
		55CDC5CF15C9B8300051C5F3 /* HowToMeasure.xib in Resources */ = {isa = PBXBuildFile; fileRef = 55CDC5CE15C9B8300051C5F3 /* HowToMeasure.xib */; };
		55D683311625645000FA8E75 /* No_photo.png in Resources */ = {isa = PBXBuildFile; fileRef = 55D683301625645000FA8E75 /* No_photo.png */; };
		55D683351625882A00FA8E75 /* MeasureManager.m in Sources */ = {isa = PBXBuildFile; fileRef = 55D683341625882A00FA8E75 /* MeasureManager.m */; };
		55D77A8316649B4200FA58D6 /* cell_background.png in Resources */ = {isa = PBXBuildFile; fileRef = 55D77A8216649B4200FA58D6 /* cell_background.png */; };
		55D77A8916660DCA00FA58D6 /* MeasureView568.xib in Resources */ = {isa = PBXBuildFile; fileRef = 55D77A8816660DCA00FA58D6 /* MeasureView568.xib */; };
		55D77A8B166614ED00FA58D6 /* Coats & jackets_w_0.png in Resources */ = {isa = PBXBuildFile; fileRef = 55D77A8A166614ED00FA58D6 /* Coats & jackets_w_0.png */; };
		55D77A8D166619F700FA58D6 /* Shirt_w_0.png in Resources */ = {isa = PBXBuildFile; fileRef = 55D77A8C166619F700FA58D6 /* Shirt_w_0.png */; };
		55D77A95166651EB00FA58D6 /* Underwear_1.png in Resources */ = {isa = PBXBuildFile; fileRef = 55D77A94166651EB00FA58D6 /* Underwear_1.png */; };
		55D77A9916666D7F00FA58D6 /* Underwear_w_1.png in Resources */ = {isa = PBXBuildFile; fileRef = 55D77A9816666D7F00FA58D6 /* Underwear_w_1.png */; };
		55E57F86160B0E970028E69E /* Default-568h@2x.png in Resources */ = {isa = PBXBuildFile; fileRef = 55E57F85160B0E970028E69E /* Default-568h@2x.png */; };
		55E60A861682512F000517F4 /* grayBtnBackground.png in Resources */ = {isa = PBXBuildFile; fileRef = 55E60A851682512F000517F4 /* grayBtnBackground.png */; };
		55E60A8C16825D6E000517F4 /* Chest_0.png in Resources */ = {isa = PBXBuildFile; fileRef = 55E60A8916825D6E000517F4 /* Chest_0.png */; };
		55E60A8D16825D6E000517F4 /* Chest_1.png in Resources */ = {isa = PBXBuildFile; fileRef = 55E60A8A16825D6E000517F4 /* Chest_1.png */; };
		55E60A8E16825D6E000517F4 /* Chest_side_0.png in Resources */ = {isa = PBXBuildFile; fileRef = 55E60A8B16825D6E000517F4 /* Chest_side_0.png */; };
		55E60A9216825D7C000517F4 /* Waist_0.png in Resources */ = {isa = PBXBuildFile; fileRef = 55E60A8F16825D7C000517F4 /* Waist_0.png */; };
		55E60A9316825D7C000517F4 /* Waist_1.png in Resources */ = {isa = PBXBuildFile; fileRef = 55E60A9016825D7C000517F4 /* Waist_1.png */; };
		55E60A9416825D7C000517F4 /* Waist_side_0.png in Resources */ = {isa = PBXBuildFile; fileRef = 55E60A9116825D7C000517F4 /* Waist_side_0.png */; };
		55E60A9616825D87000517F4 /* Hips_1.png in Resources */ = {isa = PBXBuildFile; fileRef = 55E60A9516825D87000517F4 /* Hips_1.png */; };
		55E60A991682675D000517F4 /* ImageViewWithKey.m in Sources */ = {isa = PBXBuildFile; fileRef = 55E60A981682675D000517F4 /* ImageViewWithKey.m */; };
		55E60A9B168268F5000517F4 /* Chest_side_1.png in Resources */ = {isa = PBXBuildFile; fileRef = 55E60A9A168268F5000517F4 /* Chest_side_1.png */; };
		55E60A9D168268FE000517F4 /* Hips_side_1.png in Resources */ = {isa = PBXBuildFile; fileRef = 55E60A9C168268FE000517F4 /* Hips_side_1.png */; };
		55E60AAA16827332000517F4 /* Waist_side_1.png in Resources */ = {isa = PBXBuildFile; fileRef = 55E60AA916827332000517F4 /* Waist_side_1.png */; };
		55E60AAC1682770F000517F4 /* Bras_1.png in Resources */ = {isa = PBXBuildFile; fileRef = 55E60AAB1682770F000517F4 /* Bras_1.png */; };
		55E60AB216839039000517F4 /* Bras_w_1.png in Resources */ = {isa = PBXBuildFile; fileRef = 55E60AB116839039000517F4 /* Bras_w_1.png */; };
		55E60AC11683AE6A000517F4 /* icon.png in Resources */ = {isa = PBXBuildFile; fileRef = 55E60AC01683AE69000517F4 /* icon.png */; };
		55E60AC31683AE6F000517F4 /* icon@2x.png in Resources */ = {isa = PBXBuildFile; fileRef = 55E60AC21683AE6E000517F4 /* icon@2x.png */; };
		55F7570415D525D000F831D7 /* CoreImage.framework in Frameworks */ = {isa = PBXBuildFile; fileRef = 55F7570315D525D000F831D7 /* CoreImage.framework */; };
/* End PBXBuildFile section */

/* Begin PBXFileReference section */
		555564651604743E0086039A /* background.png */ = {isa = PBXFileReference; lastKnownFileType = image.png; path = background.png; sourceTree = "<group>"; };
		555564661604743E0086039A /* background@2x.png */ = {isa = PBXFileReference; lastKnownFileType = image.png; path = "background@2x.png"; sourceTree = "<group>"; };
		5555646D16047E1D0086039A /* DataManager.h */ = {isa = PBXFileReference; fileEncoding = 4; lastKnownFileType = sourcecode.c.h; path = DataManager.h; sourceTree = "<group>"; };
		5555646E16047E1D0086039A /* DataManager.m */ = {isa = PBXFileReference; fileEncoding = 4; lastKnownFileType = sourcecode.c.objc; path = DataManager.m; sourceTree = "<group>"; };
		555564731604DBC20086039A /* TextFieldWithKey.h */ = {isa = PBXFileReference; fileEncoding = 4; lastKnownFileType = sourcecode.c.h; path = TextFieldWithKey.h; sourceTree = "<group>"; };
		555564741604DBC20086039A /* TextFieldWithKey.m */ = {isa = PBXFileReference; fileEncoding = 4; lastKnownFileType = sourcecode.c.objc; path = TextFieldWithKey.m; sourceTree = "<group>"; };
		555D44761683C329003DE187 /* Under chest_1.png */ = {isa = PBXFileReference; lastKnownFileType = image.png; path = "Under chest_1.png"; sourceTree = "<group>"; };
		555D44771683C329003DE187 /* Under chest_side_1.png */ = {isa = PBXFileReference; lastKnownFileType = image.png; path = "Under chest_side_1.png"; sourceTree = "<group>"; };
		555D447B1683C54C003DE187 /* Contour.png */ = {isa = PBXFileReference; lastKnownFileType = image.png; path = Contour.png; sourceTree = "<group>"; };
		555D44801683C778003DE187 /* en */ = {isa = PBXFileReference; lastKnownFileType = image.png; name = en; path = en.lproj/SideContour.png; sourceTree = "<group>"; };
		555D44821683C782003DE187 /* ru */ = {isa = PBXFileReference; lastKnownFileType = image.png; name = ru; path = ru.lproj/SideContour.png; sourceTree = "<group>"; };
		555D44871683DEB2003DE187 /* Icon-72.png */ = {isa = PBXFileReference; lastKnownFileType = image.png; path = "Icon-72.png"; sourceTree = "<group>"; };
		555D44881683DEB2003DE187 /* Icon-Small-50.png */ = {isa = PBXFileReference; lastKnownFileType = image.png; path = "Icon-Small-50.png"; sourceTree = "<group>"; };
		555D44891683DEB2003DE187 /* Icon-Small.png */ = {isa = PBXFileReference; lastKnownFileType = image.png; path = "Icon-Small.png"; sourceTree = "<group>"; };
		555D448A1683DEB2003DE187 /* Icon-Small@2x.png */ = {isa = PBXFileReference; lastKnownFileType = image.png; path = "Icon-Small@2x.png"; sourceTree = "<group>"; };
		556C95F4167D1361000385BB /* TipsViewController.h */ = {isa = PBXFileReference; fileEncoding = 4; lastKnownFileType = sourcecode.c.h; path = TipsViewController.h; sourceTree = "<group>"; };
		556C95F5167D1361000385BB /* TipsViewController.m */ = {isa = PBXFileReference; fileEncoding = 4; lastKnownFileType = sourcecode.c.objc; path = TipsViewController.m; sourceTree = "<group>"; };
		556C95F6167D1361000385BB /* TipsView.xib */ = {isa = PBXFileReference; fileEncoding = 4; lastKnownFileType = file.xib; path = TipsView.xib; sourceTree = "<group>"; };
		5594B3411681A72D003B8D20 /* FeedbackViewController.h */ = {isa = PBXFileReference; fileEncoding = 4; lastKnownFileType = sourcecode.c.h; path = FeedbackViewController.h; sourceTree = "<group>"; };
		5594B3421681A72D003B8D20 /* FeedbackViewController.m */ = {isa = PBXFileReference; fileEncoding = 4; lastKnownFileType = sourcecode.c.objc; path = FeedbackViewController.m; sourceTree = "<group>"; };
		5594B3431681A72D003B8D20 /* FeedbackView.xib */ = {isa = PBXFileReference; fileEncoding = 4; lastKnownFileType = file.xib; path = FeedbackView.xib; sourceTree = "<group>"; };
		5599957315C57818007B7F15 /* UIImageResize.h */ = {isa = PBXFileReference; fileEncoding = 4; lastKnownFileType = sourcecode.c.h; path = UIImageResize.h; sourceTree = "<group>"; };
		5599957415C57818007B7F15 /* UIImageResize.m */ = {isa = PBXFileReference; fileEncoding = 4; lastKnownFileType = sourcecode.c.objc; path = UIImageResize.m; sourceTree = "<group>"; };
		559F04601699BD570004AB3A /* checkImage.png */ = {isa = PBXFileReference; lastKnownFileType = image.png; path = checkImage.png; sourceTree = "<group>"; };
		559F04641699DD860004AB3A /* LICENSE */ = {isa = PBXFileReference; fileEncoding = 4; lastKnownFileType = text; name = LICENSE; path = src/LICENSE; sourceTree = SOURCE_ROOT; };
		559F04651699DD860004AB3A /* LocalyticsDatabase.h */ = {isa = PBXFileReference; fileEncoding = 4; lastKnownFileType = sourcecode.c.h; name = LocalyticsDatabase.h; path = src/LocalyticsDatabase.h; sourceTree = SOURCE_ROOT; };
		559F04661699DD860004AB3A /* LocalyticsDatabase.m */ = {isa = PBXFileReference; fileEncoding = 4; lastKnownFileType = sourcecode.c.objc; name = LocalyticsDatabase.m; path = src/LocalyticsDatabase.m; sourceTree = SOURCE_ROOT; };
		559F04671699DD860004AB3A /* LocalyticsSession.h */ = {isa = PBXFileReference; fileEncoding = 4; lastKnownFileType = sourcecode.c.h; name = LocalyticsSession.h; path = src/LocalyticsSession.h; sourceTree = SOURCE_ROOT; };
		559F04681699DD860004AB3A /* LocalyticsSession.m */ = {isa = PBXFileReference; fileEncoding = 4; lastKnownFileType = sourcecode.c.objc; name = LocalyticsSession.m; path = src/LocalyticsSession.m; sourceTree = SOURCE_ROOT; };
		559F04691699DD860004AB3A /* LocalyticsUploader.h */ = {isa = PBXFileReference; fileEncoding = 4; lastKnownFileType = sourcecode.c.h; name = LocalyticsUploader.h; path = src/LocalyticsUploader.h; sourceTree = SOURCE_ROOT; };
		559F046A1699DD860004AB3A /* LocalyticsUploader.m */ = {isa = PBXFileReference; fileEncoding = 4; lastKnownFileType = sourcecode.c.objc; name = LocalyticsUploader.m; path = src/LocalyticsUploader.m; sourceTree = SOURCE_ROOT; };
		559F046B1699DD860004AB3A /* WebserviceConstants.h */ = {isa = PBXFileReference; fileEncoding = 4; lastKnownFileType = sourcecode.c.h; name = WebserviceConstants.h; path = src/WebserviceConstants.h; sourceTree = SOURCE_ROOT; };
		559F04701699E0280004AB3A /* libz.dylib */ = {isa = PBXFileReference; lastKnownFileType = "compiled.mach-o.dylib"; name = libz.dylib; path = usr/lib/libz.dylib; sourceTree = SDKROOT; };
		559F04721699E03E0004AB3A /* libsqlite3.dylib */ = {isa = PBXFileReference; lastKnownFileType = "compiled.mach-o.dylib"; name = libsqlite3.dylib; path = usr/lib/libsqlite3.dylib; sourceTree = SDKROOT; };
		559F04741699E05E0004AB3A /* AdSupport.framework */ = {isa = PBXFileReference; lastKnownFileType = wrapper.framework; name = AdSupport.framework; path = System/Library/Frameworks/AdSupport.framework; sourceTree = SDKROOT; };
		559F047E169A05700004AB3A /* leftArrow.png */ = {isa = PBXFileReference; lastKnownFileType = image.png; path = leftArrow.png; sourceTree = "<group>"; };
		559F047F169A05700004AB3A /* rightArrow.png */ = {isa = PBXFileReference; lastKnownFileType = image.png; path = rightArrow.png; sourceTree = "<group>"; };
		559F0482169AFC110004AB3A /* MessageUI.framework */ = {isa = PBXFileReference; lastKnownFileType = wrapper.framework; name = MessageUI.framework; path = System/Library/Frameworks/MessageUI.framework; sourceTree = SDKROOT; };
		559F048E169D7DE80004AB3A /* changeCamera.png */ = {isa = PBXFileReference; lastKnownFileType = image.png; path = changeCamera.png; sourceTree = "<group>"; };
		559F048F169D7DE80004AB3A /* mainCamera.png */ = {isa = PBXFileReference; lastKnownFileType = image.png; path = mainCamera.png; sourceTree = "<group>"; };
		559F0492169D7E400004AB3A /* OverlayViewController.h */ = {isa = PBXFileReference; lastKnownFileType = sourcecode.c.h; path = OverlayViewController.h; sourceTree = "<group>"; };
		559F0493169D7E480004AB3A /* OverlayViewController.m */ = {isa = PBXFileReference; fileEncoding = 4; lastKnownFileType = sourcecode.c.objc; path = OverlayViewController.m; sourceTree = "<group>"; };
		559F0495169D7E500004AB3A /* ImageOverlayView.xib */ = {isa = PBXFileReference; fileEncoding = 4; lastKnownFileType = file.xib; path = ImageOverlayView.xib; sourceTree = "<group>"; };
		559F0497169D7E570004AB3A /* ImageOverlayView568.xib */ = {isa = PBXFileReference; fileEncoding = 4; lastKnownFileType = file.xib; path = ImageOverlayView568.xib; sourceTree = "<group>"; };
		559F0499169DED6C0004AB3A /* BrandManager.h */ = {isa = PBXFileReference; fileEncoding = 4; lastKnownFileType = sourcecode.c.h; path = BrandManager.h; sourceTree = "<group>"; };
		559F049A169DED6C0004AB3A /* BrandManager.m */ = {isa = PBXFileReference; fileEncoding = 4; lastKnownFileType = sourcecode.c.objc; path = BrandManager.m; sourceTree = "<group>"; };
		559F049D169DEEB10004AB3A /* Brands.plist */ = {isa = PBXFileReference; fileEncoding = 4; lastKnownFileType = text.plist.xml; path = Brands.plist; sourceTree = "<group>"; };
		559F049F169DF0DA0004AB3A /* BrandsViewController.h */ = {isa = PBXFileReference; fileEncoding = 4; lastKnownFileType = sourcecode.c.h; path = BrandsViewController.h; sourceTree = "<group>"; };
		559F04A0169DF0DB0004AB3A /* BrandsViewController.m */ = {isa = PBXFileReference; fileEncoding = 4; lastKnownFileType = sourcecode.c.objc; path = BrandsViewController.m; sourceTree = "<group>"; };
		559F04A1169DF0DC0004AB3A /* BrandsView.xib */ = {isa = PBXFileReference; fileEncoding = 4; lastKnownFileType = file.xib; path = BrandsView.xib; sourceTree = "<group>"; };
		559F04AC169F423A0004AB3A /* SizesCell.h */ = {isa = PBXFileReference; fileEncoding = 4; lastKnownFileType = sourcecode.c.h; path = SizesCell.h; sourceTree = "<group>"; };
		559F04AD169F423A0004AB3A /* SizesCell.m */ = {isa = PBXFileReference; fileEncoding = 4; lastKnownFileType = sourcecode.c.objc; path = SizesCell.m; sourceTree = "<group>"; };
		559F04AF169F42650004AB3A /* SizesCell.xib */ = {isa = PBXFileReference; fileEncoding = 4; lastKnownFileType = file.xib; path = SizesCell.xib; sourceTree = "<group>"; };
		559F04B1169F4B3C0004AB3A /* BrandSizesViewController.h */ = {isa = PBXFileReference; fileEncoding = 4; lastKnownFileType = sourcecode.c.h; path = BrandSizesViewController.h; sourceTree = "<group>"; };
		559F04B2169F4B3C0004AB3A /* BrandSizesViewController.m */ = {isa = PBXFileReference; fileEncoding = 4; lastKnownFileType = sourcecode.c.objc; path = BrandSizesViewController.m; sourceTree = "<group>"; };
		559F04B3169F4B3C0004AB3A /* BrandSizesView.xib */ = {isa = PBXFileReference; fileEncoding = 4; lastKnownFileType = file.xib; path = BrandSizesView.xib; sourceTree = "<group>"; };
		55A295ED15EE5D7700D256F7 /* LabeledSlider.h */ = {isa = PBXFileReference; fileEncoding = 4; lastKnownFileType = sourcecode.c.h; path = LabeledSlider.h; sourceTree = "<group>"; };
		55A295EE15EE5D7700D256F7 /* LabeledSlider.m */ = {isa = PBXFileReference; fileEncoding = 4; lastKnownFileType = sourcecode.c.objc; path = LabeledSlider.m; sourceTree = "<group>"; };
		55A295F015EE5F0B00D256F7 /* MeasureView.h */ = {isa = PBXFileReference; fileEncoding = 4; lastKnownFileType = sourcecode.c.h; path = MeasureView.h; sourceTree = "<group>"; };
		55A295F115EE5F0B00D256F7 /* MeasureView.m */ = {isa = PBXFileReference; fileEncoding = 4; lastKnownFileType = sourcecode.c.objc; path = MeasureView.m; sourceTree = "<group>"; };
		55A479F4164F9848003B9981 /* Skirt_w_1.png */ = {isa = PBXFileReference; lastKnownFileType = image.png; path = Skirt_w_1.png; sourceTree = "<group>"; };
		55A479F6164F9861003B9981 /* Trousers & jeans_w_1.png */ = {isa = PBXFileReference; lastKnownFileType = image.png; path = "Trousers & jeans_w_1.png"; sourceTree = "<group>"; };
		55A479F8164F9886003B9981 /* T-shirt_w_1.png */ = {isa = PBXFileReference; lastKnownFileType = image.png; path = "T-shirt_w_1.png"; sourceTree = "<group>"; };
		55A479FA164F989D003B9981 /* Shoes_w_1.png */ = {isa = PBXFileReference; lastKnownFileType = image.png; path = Shoes_w_1.png; sourceTree = "<group>"; };
		55A479FE164FA47F003B9981 /* Shoes_1.png */ = {isa = PBXFileReference; lastKnownFileType = image.png; path = Shoes_1.png; sourceTree = "<group>"; };
		55A47A0C164FB5B2003B9981 /* Trousers & jeans_w_0.png */ = {isa = PBXFileReference; lastKnownFileType = image.png; path = "Trousers & jeans_w_0.png"; sourceTree = "<group>"; };
		55A47A12164FB7AC003B9981 /* T-shirt_w_0.png */ = {isa = PBXFileReference; lastKnownFileType = image.png; path = "T-shirt_w_0.png"; sourceTree = "<group>"; };
		55A47A14164FB81F003B9981 /* Shoes_0.png */ = {isa = PBXFileReference; lastKnownFileType = image.png; path = Shoes_0.png; sourceTree = "<group>"; };
		55A47A18164FB86D003B9981 /* Shoes_w_0.png */ = {isa = PBXFileReference; lastKnownFileType = image.png; path = Shoes_w_0.png; sourceTree = "<group>"; };
		55A47A22164FC042003B9981 /* asBtnBackground_.png */ = {isa = PBXFileReference; lastKnownFileType = image.png; path = asBtnBackground_.png; sourceTree = "<group>"; };
		55A4A2F0164690B800999D26 /* Skirt_1.png */ = {isa = PBXFileReference; lastKnownFileType = image.png; path = Skirt_1.png; sourceTree = "<group>"; };
		55A5FE831643B4E70019755B /* Body_1.png */ = {isa = PBXFileReference; lastKnownFileType = image.png; path = Body_1.png; sourceTree = "<group>"; };
		55A5FE861643B4FB0019755B /* Trousers & jeans_1.png */ = {isa = PBXFileReference; lastKnownFileType = image.png; path = "Trousers & jeans_1.png"; sourceTree = "<group>"; };
		55A7233115CD5018005977DC /* ResultViewController.h */ = {isa = PBXFileReference; fileEncoding = 4; lastKnownFileType = sourcecode.c.h; path = ResultViewController.h; sourceTree = "<group>"; };
		55A7233215CD5018005977DC /* ResultViewController.m */ = {isa = PBXFileReference; fileEncoding = 4; lastKnownFileType = sourcecode.c.objc; path = ResultViewController.m; sourceTree = "<group>"; };
		55A7233315CD5018005977DC /* ResultView.xib */ = {isa = PBXFileReference; fileEncoding = 4; lastKnownFileType = file.xib; path = ResultView.xib; sourceTree = "<group>"; };
		55A7233B15CE9DBA005977DC /* MeasureViewController.h */ = {isa = PBXFileReference; fileEncoding = 4; lastKnownFileType = sourcecode.c.h; path = MeasureViewController.h; sourceTree = "<group>"; };
		55A7233C15CE9DBA005977DC /* MeasureViewController.m */ = {isa = PBXFileReference; fileEncoding = 4; lastKnownFileType = sourcecode.c.objc; path = MeasureViewController.m; sourceTree = "<group>"; };
		55A7233D15CE9DBA005977DC /* MeasureView.xib */ = {isa = PBXFileReference; fileEncoding = 4; lastKnownFileType = file.xib; path = MeasureView.xib; sourceTree = "<group>"; };
		55A75B0E16125135008077C5 /* en */ = {isa = PBXFileReference; lastKnownFileType = text.plist.strings; name = en; path = en.lproj/Localizable.strings; sourceTree = "<group>"; };
		55A75B1216125135008077C5 /* NewProfileView.xib */ = {isa = PBXFileReference; fileEncoding = 4; lastKnownFileType = file.xib; path = NewProfileView.xib; sourceTree = "<group>"; };
		55A75B1416125135008077C5 /* RootView.xib */ = {isa = PBXFileReference; fileEncoding = 4; lastKnownFileType = file.xib; path = RootView.xib; sourceTree = "<group>"; };
		55A75B1616125135008077C5 /* ru */ = {isa = PBXFileReference; lastKnownFileType = text.plist.strings; name = ru; path = ru.lproj/Localizable.strings; sourceTree = "<group>"; };
		55AC330515C02D5E00B17709 /* EasySize.app */ = {isa = PBXFileReference; explicitFileType = wrapper.application; includeInIndex = 0; path = EasySize.app; sourceTree = BUILT_PRODUCTS_DIR; };
		55AC330915C02D5E00B17709 /* UIKit.framework */ = {isa = PBXFileReference; lastKnownFileType = wrapper.framework; name = UIKit.framework; path = System/Library/Frameworks/UIKit.framework; sourceTree = SDKROOT; };
		55AC330B15C02D5E00B17709 /* Foundation.framework */ = {isa = PBXFileReference; lastKnownFileType = wrapper.framework; name = Foundation.framework; path = System/Library/Frameworks/Foundation.framework; sourceTree = SDKROOT; };
		55AC330D15C02D5E00B17709 /* CoreGraphics.framework */ = {isa = PBXFileReference; lastKnownFileType = wrapper.framework; name = CoreGraphics.framework; path = System/Library/Frameworks/CoreGraphics.framework; sourceTree = SDKROOT; };
		55AC331115C02D5E00B17709 /* EasySize-Info.plist */ = {isa = PBXFileReference; lastKnownFileType = text.plist.xml; path = "EasySize-Info.plist"; sourceTree = "<group>"; };
		55AC331315C02D5E00B17709 /* en */ = {isa = PBXFileReference; lastKnownFileType = text.plist.strings; name = en; path = en.lproj/InfoPlist.strings; sourceTree = "<group>"; };
		55AC331515C02D5E00B17709 /* main.m */ = {isa = PBXFileReference; lastKnownFileType = sourcecode.c.objc; path = main.m; sourceTree = "<group>"; };
		55AC331715C02D5E00B17709 /* EasySize-Prefix.pch */ = {isa = PBXFileReference; lastKnownFileType = sourcecode.c.h; path = "EasySize-Prefix.pch"; sourceTree = "<group>"; };
		55AC331815C02D5E00B17709 /* AppDelegate.h */ = {isa = PBXFileReference; lastKnownFileType = sourcecode.c.h; path = AppDelegate.h; sourceTree = "<group>"; };
		55AC331915C02D5E00B17709 /* AppDelegate.m */ = {isa = PBXFileReference; lastKnownFileType = sourcecode.c.objc; path = AppDelegate.m; sourceTree = "<group>"; };
		55AC331B15C02D5E00B17709 /* MasterViewController.h */ = {isa = PBXFileReference; lastKnownFileType = sourcecode.c.h; path = MasterViewController.h; sourceTree = "<group>"; };
		55AC331C15C02D5E00B17709 /* MasterViewController.m */ = {isa = PBXFileReference; lastKnownFileType = sourcecode.c.objc; path = MasterViewController.m; sourceTree = "<group>"; };
		55AC331E15C02D5E00B17709 /* NewProfileViewController.h */ = {isa = PBXFileReference; lastKnownFileType = sourcecode.c.h; path = NewProfileViewController.h; sourceTree = "<group>"; };
		55AC331F15C02D5E00B17709 /* NewProfileViewController.m */ = {isa = PBXFileReference; lastKnownFileType = sourcecode.c.objc; path = NewProfileViewController.m; sourceTree = "<group>"; };
		55AE3EB5162AF37100CE66E9 /* Body_0.png */ = {isa = PBXFileReference; lastKnownFileType = image.png; path = Body_0.png; sourceTree = "<group>"; };
		55AE3EB7162AF37100CE66E9 /* T-shirt_0.png */ = {isa = PBXFileReference; lastKnownFileType = image.png; path = "T-shirt_0.png"; sourceTree = "<group>"; };
		55AE3EB8162AF37100CE66E9 /* Trousers & jeans_0.png */ = {isa = PBXFileReference; lastKnownFileType = image.png; path = "Trousers & jeans_0.png"; sourceTree = "<group>"; };
		55AE83C2165FC13B002CD0E8 /* Coats & jackets_1.png */ = {isa = PBXFileReference; lastKnownFileType = image.png; path = "Coats & jackets_1.png"; sourceTree = "<group>"; };
		55AE83D1165FC300002CD0E8 /* Coats & jackets_w_1.png */ = {isa = PBXFileReference; lastKnownFileType = image.png; path = "Coats & jackets_w_1.png"; sourceTree = "<group>"; };
		55AE83D5165FC42E002CD0E8 /* Dress_w_1.png */ = {isa = PBXFileReference; lastKnownFileType = image.png; path = Dress_w_1.png; sourceTree = "<group>"; };
		55AE83D7165FC4A1002CD0E8 /* Shirt_w_1.png */ = {isa = PBXFileReference; lastKnownFileType = image.png; path = Shirt_w_1.png; sourceTree = "<group>"; };
		55AE83D9165FC599002CD0E8 /* Shirt_1.png */ = {isa = PBXFileReference; lastKnownFileType = image.png; path = Shirt_1.png; sourceTree = "<group>"; };
		55AE83DD165FCDB8002CD0E8 /* Dress_1.png */ = {isa = PBXFileReference; lastKnownFileType = image.png; path = Dress_1.png; sourceTree = "<group>"; };
		55AE83EB16613D65002CD0E8 /* World_Flag.png */ = {isa = PBXFileReference; lastKnownFileType = image.png; path = World_Flag.png; sourceTree = "<group>"; };
		55AE840016622C77002CD0E8 /* barBtn.png */ = {isa = PBXFileReference; lastKnownFileType = image.png; path = barBtn.png; sourceTree = "<group>"; };
		55AE840416622F76002CD0E8 /* asBtnBackground.png */ = {isa = PBXFileReference; lastKnownFileType = image.png; path = asBtnBackground.png; sourceTree = "<group>"; };
		55AE840A1662802D002CD0E8 /* Underwear_w_0.png */ = {isa = PBXFileReference; lastKnownFileType = image.png; path = Underwear_w_0.png; sourceTree = "<group>"; };
		55AE841616628529002CD0E8 /* Coats & jackets_0.png */ = {isa = PBXFileReference; lastKnownFileType = image.png; path = "Coats & jackets_0.png"; sourceTree = "<group>"; };
		55AE841A16628745002CD0E8 /* Shirt_0.png */ = {isa = PBXFileReference; lastKnownFileType = image.png; path = Shirt_0.png; sourceTree = "<group>"; };
		55AE841E16628C47002CD0E8 /* Underwear_0.png */ = {isa = PBXFileReference; lastKnownFileType = image.png; path = Underwear_0.png; sourceTree = "<group>"; };
		55AE84221662AA70002CD0E8 /* HowToMeasure568.xib */ = {isa = PBXFileReference; fileEncoding = 4; lastKnownFileType = file.xib; path = HowToMeasure568.xib; sourceTree = "<group>"; };
		55B444ED1621D4D8004291E2 /* CustomCell.xib */ = {isa = PBXFileReference; fileEncoding = 4; lastKnownFileType = file.xib; path = CustomCell.xib; sourceTree = "<group>"; };
		55B444EF1621D594004291E2 /* CustomCell.h */ = {isa = PBXFileReference; lastKnownFileType = sourcecode.c.h; path = CustomCell.h; sourceTree = "<group>"; };
		55B444F01621D59A004291E2 /* CustomCell.m */ = {isa = PBXFileReference; fileEncoding = 4; lastKnownFileType = sourcecode.c.objc; path = CustomCell.m; sourceTree = "<group>"; };
		55B6DFF215EA798200D45064 /* MeasureByParamsViewController.h */ = {isa = PBXFileReference; fileEncoding = 4; lastKnownFileType = sourcecode.c.h; path = MeasureByParamsViewController.h; sourceTree = "<group>"; };
		55B6DFF315EA798200D45064 /* MeasureByParamsViewController.m */ = {isa = PBXFileReference; fileEncoding = 4; lastKnownFileType = sourcecode.c.objc; path = MeasureByParamsViewController.m; sourceTree = "<group>"; };
		55B6DFF415EA798200D45064 /* MeasureByParamsView.xib */ = {isa = PBXFileReference; fileEncoding = 4; lastKnownFileType = file.xib; path = MeasureByParamsView.xib; sourceTree = "<group>"; };
		55B6DFF815EA7BA600D45064 /* bottomRow.png */ = {isa = PBXFileReference; lastKnownFileType = image.png; path = bottomRow.png; sourceTree = "<group>"; };
		55B6DFFB15EA7BB600D45064 /* topAndBottomRow.png */ = {isa = PBXFileReference; lastKnownFileType = image.png; path = topAndBottomRow.png; sourceTree = "<group>"; };
		55B6DFFC15EA7BB600D45064 /* topRow.png */ = {isa = PBXFileReference; lastKnownFileType = image.png; path = topRow.png; sourceTree = "<group>"; };
		55B9EB1615F106C50023290B /* ruler.png */ = {isa = PBXFileReference; lastKnownFileType = image.png; path = ruler.png; sourceTree = "<group>"; };
		55B9EB1D15F14EAC0023290B /* EU_Flag.png */ = {isa = PBXFileReference; lastKnownFileType = image.png; path = EU_Flag.png; sourceTree = "<group>"; };
		55B9EB1E15F14EAC0023290B /* Jap_Flag.png */ = {isa = PBXFileReference; lastKnownFileType = image.png; path = Jap_Flag.png; sourceTree = "<group>"; };
		55B9EB1F15F14EAC0023290B /* RUS_Flag.png */ = {isa = PBXFileReference; lastKnownFileType = image.png; path = RUS_Flag.png; sourceTree = "<group>"; };
		55B9EB2015F14EAC0023290B /* UK_Flag.png */ = {isa = PBXFileReference; lastKnownFileType = image.png; path = UK_Flag.png; sourceTree = "<group>"; };
		55B9EB2115F14EAC0023290B /* US_Flag.png */ = {isa = PBXFileReference; lastKnownFileType = image.png; path = US_Flag.png; sourceTree = "<group>"; };
		55C36557164CE30E00705D26 /* wardrobe.png */ = {isa = PBXFileReference; lastKnownFileType = image.png; path = wardrobe.png; sourceTree = "<group>"; };
		55C3655A164E38DD00705D26 /* navBar.png */ = {isa = PBXFileReference; lastKnownFileType = image.png; path = navBar.png; sourceTree = "<group>"; };
		55C3655B164E38DD00705D26 /* navBar@2x.png */ = {isa = PBXFileReference; lastKnownFileType = image.png; path = "navBar@2x.png"; sourceTree = "<group>"; };
		55C36566164E534100705D26 /* T-shirt_1.png */ = {isa = PBXFileReference; lastKnownFileType = image.png; path = "T-shirt_1.png"; sourceTree = "<group>"; };
		55C6E7AD1629A2ED004B0743 /* middleRow.png */ = {isa = PBXFileReference; lastKnownFileType = image.png; path = middleRow.png; sourceTree = "<group>"; };
		55CDC5C415C98A280051C5F3 /* Default.png */ = {isa = PBXFileReference; lastKnownFileType = image.png; path = Default.png; sourceTree = "<group>"; };
		55CDC5C515C98A280051C5F3 /* Default@2x.png */ = {isa = PBXFileReference; lastKnownFileType = image.png; path = "Default@2x.png"; sourceTree = "<group>"; };
		55CDC5C915C9B7830051C5F3 /* HowToMeasureViewController.h */ = {isa = PBXFileReference; fileEncoding = 4; lastKnownFileType = sourcecode.c.h; path = HowToMeasureViewController.h; sourceTree = "<group>"; };
		55CDC5CA15C9B7830051C5F3 /* HowToMeasureViewController.m */ = {isa = PBXFileReference; fileEncoding = 4; lastKnownFileType = sourcecode.c.objc; path = HowToMeasureViewController.m; sourceTree = "<group>"; };
		55CDC5CE15C9B8300051C5F3 /* HowToMeasure.xib */ = {isa = PBXFileReference; fileEncoding = 4; lastKnownFileType = file.xib; path = HowToMeasure.xib; sourceTree = "<group>"; };
		55D683301625645000FA8E75 /* No_photo.png */ = {isa = PBXFileReference; lastKnownFileType = image.png; path = No_photo.png; sourceTree = "<group>"; };
		55D683331625882A00FA8E75 /* MeasureManager.h */ = {isa = PBXFileReference; fileEncoding = 4; lastKnownFileType = sourcecode.c.h; path = MeasureManager.h; sourceTree = "<group>"; };
		55D683341625882A00FA8E75 /* MeasureManager.m */ = {isa = PBXFileReference; fileEncoding = 4; lastKnownFileType = sourcecode.c.objc; path = MeasureManager.m; sourceTree = "<group>"; };
		55D77A8216649B4200FA58D6 /* cell_background.png */ = {isa = PBXFileReference; lastKnownFileType = image.png; path = cell_background.png; sourceTree = "<group>"; };
		55D77A8816660DCA00FA58D6 /* MeasureView568.xib */ = {isa = PBXFileReference; fileEncoding = 4; lastKnownFileType = file.xib; path = MeasureView568.xib; sourceTree = "<group>"; };
		55D77A8A166614ED00FA58D6 /* Coats & jackets_w_0.png */ = {isa = PBXFileReference; lastKnownFileType = image.png; path = "Coats & jackets_w_0.png"; sourceTree = "<group>"; };
		55D77A8C166619F700FA58D6 /* Shirt_w_0.png */ = {isa = PBXFileReference; lastKnownFileType = image.png; path = Shirt_w_0.png; sourceTree = "<group>"; };
		55D77A94166651EB00FA58D6 /* Underwear_1.png */ = {isa = PBXFileReference; lastKnownFileType = image.png; path = Underwear_1.png; sourceTree = "<group>"; };
		55D77A9816666D7F00FA58D6 /* Underwear_w_1.png */ = {isa = PBXFileReference; lastKnownFileType = image.png; path = Underwear_w_1.png; sourceTree = "<group>"; };
		55E57F85160B0E970028E69E /* Default-568h@2x.png */ = {isa = PBXFileReference; lastKnownFileType = image.png; name = "Default-568h@2x.png"; path = "../Default-568h@2x.png"; sourceTree = "<group>"; };
		55E60A851682512F000517F4 /* grayBtnBackground.png */ = {isa = PBXFileReference; lastKnownFileType = image.png; path = grayBtnBackground.png; sourceTree = "<group>"; };
		55E60A8916825D6E000517F4 /* Chest_0.png */ = {isa = PBXFileReference; lastKnownFileType = image.png; path = Chest_0.png; sourceTree = "<group>"; };
		55E60A8A16825D6E000517F4 /* Chest_1.png */ = {isa = PBXFileReference; lastKnownFileType = image.png; path = Chest_1.png; sourceTree = "<group>"; };
		55E60A8B16825D6E000517F4 /* Chest_side_0.png */ = {isa = PBXFileReference; lastKnownFileType = image.png; path = Chest_side_0.png; sourceTree = "<group>"; };
		55E60A8F16825D7C000517F4 /* Waist_0.png */ = {isa = PBXFileReference; lastKnownFileType = image.png; path = Waist_0.png; sourceTree = "<group>"; };
		55E60A9016825D7C000517F4 /* Waist_1.png */ = {isa = PBXFileReference; lastKnownFileType = image.png; path = Waist_1.png; sourceTree = "<group>"; };
		55E60A9116825D7C000517F4 /* Waist_side_0.png */ = {isa = PBXFileReference; lastKnownFileType = image.png; path = Waist_side_0.png; sourceTree = "<group>"; };
		55E60A9516825D87000517F4 /* Hips_1.png */ = {isa = PBXFileReference; lastKnownFileType = image.png; path = Hips_1.png; sourceTree = "<group>"; };
		55E60A971682675D000517F4 /* ImageViewWithKey.h */ = {isa = PBXFileReference; fileEncoding = 4; lastKnownFileType = sourcecode.c.h; path = ImageViewWithKey.h; sourceTree = "<group>"; };
		55E60A981682675D000517F4 /* ImageViewWithKey.m */ = {isa = PBXFileReference; fileEncoding = 4; lastKnownFileType = sourcecode.c.objc; path = ImageViewWithKey.m; sourceTree = "<group>"; };
		55E60A9A168268F5000517F4 /* Chest_side_1.png */ = {isa = PBXFileReference; lastKnownFileType = image.png; path = Chest_side_1.png; sourceTree = "<group>"; };
		55E60A9C168268FE000517F4 /* Hips_side_1.png */ = {isa = PBXFileReference; lastKnownFileType = image.png; path = Hips_side_1.png; sourceTree = "<group>"; };
		55E60AA916827332000517F4 /* Waist_side_1.png */ = {isa = PBXFileReference; lastKnownFileType = image.png; path = Waist_side_1.png; sourceTree = "<group>"; };
		55E60AAB1682770F000517F4 /* Bras_1.png */ = {isa = PBXFileReference; lastKnownFileType = image.png; path = Bras_1.png; sourceTree = "<group>"; };
		55E60AB116839039000517F4 /* Bras_w_1.png */ = {isa = PBXFileReference; lastKnownFileType = image.png; path = Bras_w_1.png; sourceTree = "<group>"; };
		55E60AC01683AE69000517F4 /* icon.png */ = {isa = PBXFileReference; lastKnownFileType = image.png; name = icon.png; path = ../icon.png; sourceTree = "<group>"; };
		55E60AC21683AE6E000517F4 /* icon@2x.png */ = {isa = PBXFileReference; lastKnownFileType = image.png; name = "icon@2x.png"; path = "../icon@2x.png"; sourceTree = "<group>"; };
		55F7570315D525D000F831D7 /* CoreImage.framework */ = {isa = PBXFileReference; lastKnownFileType = wrapper.framework; name = CoreImage.framework; path = System/Library/Frameworks/CoreImage.framework; sourceTree = SDKROOT; };
/* End PBXFileReference section */

/* Begin PBXFrameworksBuildPhase section */
		55AC330215C02D5E00B17709 /* Frameworks */ = {
			isa = PBXFrameworksBuildPhase;
			buildActionMask = 2147483647;
			files = (
				559F0483169AFC110004AB3A /* MessageUI.framework in Frameworks */,
				559F04751699E05E0004AB3A /* AdSupport.framework in Frameworks */,
				559F04731699E03E0004AB3A /* libsqlite3.dylib in Frameworks */,
				559F04711699E0280004AB3A /* libz.dylib in Frameworks */,
				55F7570415D525D000F831D7 /* CoreImage.framework in Frameworks */,
				55AC330A15C02D5E00B17709 /* UIKit.framework in Frameworks */,
				55AC330C15C02D5E00B17709 /* Foundation.framework in Frameworks */,
				55AC330E15C02D5E00B17709 /* CoreGraphics.framework in Frameworks */,
			);
			runOnlyForDeploymentPostprocessing = 0;
		};
/* End PBXFrameworksBuildPhase section */

/* Begin PBXGroup section */
		555564711604DB450086039A /* UIControl_SubClasses */ = {
			isa = PBXGroup;
			children = (
				55B444EF1621D594004291E2 /* CustomCell.h */,
				55B444F01621D59A004291E2 /* CustomCell.m */,
				55A295ED15EE5D7700D256F7 /* LabeledSlider.h */,
				55A295EE15EE5D7700D256F7 /* LabeledSlider.m */,
				55A295F015EE5F0B00D256F7 /* MeasureView.h */,
				55A295F115EE5F0B00D256F7 /* MeasureView.m */,
				555564731604DBC20086039A /* TextFieldWithKey.h */,
				555564741604DBC20086039A /* TextFieldWithKey.m */,
				55E60A971682675D000517F4 /* ImageViewWithKey.h */,
				55E60A981682675D000517F4 /* ImageViewWithKey.m */,
				559F04AC169F423A0004AB3A /* SizesCell.h */,
				559F04AD169F423A0004AB3A /* SizesCell.m */,
			);
			name = UIControl_SubClasses;
			sourceTree = "<group>";
		};
		555564721604DB830086039A /* OtherClasses */ = {
			isa = PBXGroup;
			children = (
				5555646D16047E1D0086039A /* DataManager.h */,
				5555646E16047E1D0086039A /* DataManager.m */,
				55D683331625882A00FA8E75 /* MeasureManager.h */,
				55D683341625882A00FA8E75 /* MeasureManager.m */,
				559F0499169DED6C0004AB3A /* BrandManager.h */,
				559F049A169DED6C0004AB3A /* BrandManager.m */,
			);
			name = OtherClasses;
			sourceTree = "<group>";
		};
		555D447A1683C49F003DE187 /* Contours */ = {
			isa = PBXGroup;
			children = (
				555D44811683C778003DE187 /* SideContour.png */,
				555D447B1683C54C003DE187 /* Contour.png */,
			);
			name = Contours;
			sourceTree = "<group>";
		};
		5599956E15C42C09007B7F15 /* Classes */ = {
			isa = PBXGroup;
			children = (
				555564721604DB830086039A /* OtherClasses */,
				555564711604DB450086039A /* UIControl_SubClasses */,
			);
			name = Classes;
			sourceTree = "<group>";
		};
		5599957215C577E6007B7F15 /* Categories */ = {
			isa = PBXGroup;
			children = (
				5599957315C57818007B7F15 /* UIImageResize.h */,
				5599957415C57818007B7F15 /* UIImageResize.m */,
			);
			name = Categories;
			sourceTree = "<group>";
		};
		559F04631699DD5A0004AB3A /* Localytics */ = {
			isa = PBXGroup;
			children = (
				559F04701699E0280004AB3A /* libz.dylib */,
				559F04721699E03E0004AB3A /* libsqlite3.dylib */,
				559F04641699DD860004AB3A /* LICENSE */,
				559F04651699DD860004AB3A /* LocalyticsDatabase.h */,
				559F04661699DD860004AB3A /* LocalyticsDatabase.m */,
				559F04671699DD860004AB3A /* LocalyticsSession.h */,
				559F04681699DD860004AB3A /* LocalyticsSession.m */,
				559F04691699DD860004AB3A /* LocalyticsUploader.h */,
				559F046A1699DD860004AB3A /* LocalyticsUploader.m */,
				559F046B1699DD860004AB3A /* WebserviceConstants.h */,
			);
			name = Localytics;
			sourceTree = "<group>";
		};
		559F048C169D7DD20004AB3A /* Camera */ = {
			isa = PBXGroup;
			children = (
				559F048E169D7DE80004AB3A /* changeCamera.png */,
				559F048F169D7DE80004AB3A /* mainCamera.png */,
			);
			name = Camera;
			sourceTree = "<group>";
		};
		559F049C169DEE750004AB3A /* pList_files */ = {
			isa = PBXGroup;
			children = (
				559F049D169DEEB10004AB3A /* Brands.plist */,
			);
			name = pList_files;
			sourceTree = "<group>";
		};
		55AC32FA15C02D5E00B17709 = {
			isa = PBXGroup;
			children = (
				55AC330F15C02D5E00B17709 /* EasySize */,
				55AC330815C02D5E00B17709 /* Frameworks */,
				55AC330615C02D5E00B17709 /* Products */,
			);
			sourceTree = "<group>";
		};
		55AC330615C02D5E00B17709 /* Products */ = {
			isa = PBXGroup;
			children = (
				55AC330515C02D5E00B17709 /* EasySize.app */,
			);
			name = Products;
			sourceTree = "<group>";
		};
		55AC330815C02D5E00B17709 /* Frameworks */ = {
			isa = PBXGroup;
			children = (
				559F0482169AFC110004AB3A /* MessageUI.framework */,
				559F04741699E05E0004AB3A /* AdSupport.framework */,
				55F7570315D525D000F831D7 /* CoreImage.framework */,
				55AC330915C02D5E00B17709 /* UIKit.framework */,
				55AC330B15C02D5E00B17709 /* Foundation.framework */,
				55AC330D15C02D5E00B17709 /* CoreGraphics.framework */,
			);
			name = Frameworks;
			sourceTree = "<group>";
		};
		55AC330F15C02D5E00B17709 /* EasySize */ = {
			isa = PBXGroup;
			children = (
				55AC331815C02D5E00B17709 /* AppDelegate.h */,
				55AC331915C02D5E00B17709 /* AppDelegate.m */,
				55AC331B15C02D5E00B17709 /* MasterViewController.h */,
				55AC331C15C02D5E00B17709 /* MasterViewController.m */,
				559F04631699DD5A0004AB3A /* Localytics */,
				5599956E15C42C09007B7F15 /* Classes */,
				55CDC5C815C9B6550051C5F3 /* ViewControllers */,
				5599957215C577E6007B7F15 /* Categories */,
				55AC332D15C0300B00B17709 /* Resources */,
				55AC332C15C02D8100B17709 /* Nibs */,
				55AC331015C02D5E00B17709 /* Supporting Files */,
			);
			path = EasySize;
			sourceTree = "<group>";
		};
		55AC331015C02D5E00B17709 /* Supporting Files */ = {
			isa = PBXGroup;
			children = (
				55AC331115C02D5E00B17709 /* EasySize-Info.plist */,
				55AC331215C02D5E00B17709 /* InfoPlist.strings */,
				55AC331515C02D5E00B17709 /* main.m */,
				55AC331715C02D5E00B17709 /* EasySize-Prefix.pch */,
				55A75B0F16125135008077C5 /* Localizable.strings */,
			);
			name = "Supporting Files";
			sourceTree = "<group>";
		};
		55AC332C15C02D8100B17709 /* Nibs */ = {
			isa = PBXGroup;
			children = (
				55A75B1416125135008077C5 /* RootView.xib */,
				55A75B1216125135008077C5 /* NewProfileView.xib */,
				55A7233315CD5018005977DC /* ResultView.xib */,
				55CDC5CE15C9B8300051C5F3 /* HowToMeasure.xib */,
				55AE84221662AA70002CD0E8 /* HowToMeasure568.xib */,
				55A7233D15CE9DBA005977DC /* MeasureView.xib */,
				55D77A8816660DCA00FA58D6 /* MeasureView568.xib */,
				55B6DFF415EA798200D45064 /* MeasureByParamsView.xib */,
				556C95F6167D1361000385BB /* TipsView.xib */,
				5594B3431681A72D003B8D20 /* FeedbackView.xib */,
				559F0495169D7E500004AB3A /* ImageOverlayView.xib */,
				559F0497169D7E570004AB3A /* ImageOverlayView568.xib */,
				559F04A1169DF0DC0004AB3A /* BrandsView.xib */,
				559F04B3169F4B3C0004AB3A /* BrandSizesView.xib */,
				55B444ED1621D4D8004291E2 /* CustomCell.xib */,
				559F04AF169F42650004AB3A /* SizesCell.xib */,
			);
			name = Nibs;
			sourceTree = "<group>";
		};
		55AC332D15C0300B00B17709 /* Resources */ = {
			isa = PBXGroup;
			children = (
				559F047E169A05700004AB3A /* leftArrow.png */,
				559F047F169A05700004AB3A /* rightArrow.png */,
				559F04601699BD570004AB3A /* checkImage.png */,
				55AE840016622C77002CD0E8 /* barBtn.png */,
				55C3655A164E38DD00705D26 /* navBar.png */,
				55C3655B164E38DD00705D26 /* navBar@2x.png */,
				55C36557164CE30E00705D26 /* wardrobe.png */,
				55B9EB1615F106C50023290B /* ruler.png */,
				55D683301625645000FA8E75 /* No_photo.png */,
				555564661604743E0086039A /* background@2x.png */,
				555564651604743E0086039A /* background.png */,
				55CDC5C415C98A280051C5F3 /* Default.png */,
				55E57F85160B0E970028E69E /* Default-568h@2x.png */,
				55CDC5C515C98A280051C5F3 /* Default@2x.png */,
				559F049C169DEE750004AB3A /* pList_files */,
				559F048C169D7DD20004AB3A /* Camera */,
				555D447A1683C49F003DE187 /* Contours */,
				55E60AB31683AA01000517F4 /* Icons */,
				55E60A8816825D54000517F4 /* Tips_images */,
				55C6E7AC1629A257004B0743 /* cells_images */,
				55CDC5DA15C9D3910051C5F3 /* clothes */,
				55AE3EB2162AF37100CE66E9 /* bodies */,
				55B9EB1C15F14E950023290B /* Flags */,
				55E60A8716825139000517F4 /* btnBackgrounds */,
				55AE3EAF162AF37100CE66E9 /* Unused */,
			);
			name = Resources;
			sourceTree = "<group>";
		};
		55AE3EAF162AF37100CE66E9 /* Unused */ = {
			isa = PBXGroup;
			children = (
			);
			name = Unused;
			sourceTree = "<group>";
		};
		55AE3EB0162AF37100CE66E9 /* men */ = {
			isa = PBXGroup;
			children = (
				55D77A8C166619F700FA58D6 /* Shirt_w_0.png */,
				55AE841A16628745002CD0E8 /* Shirt_0.png */,
				55D77A8A166614ED00FA58D6 /* Coats & jackets_w_0.png */,
				55AE841616628529002CD0E8 /* Coats & jackets_0.png */,
				55AE840A1662802D002CD0E8 /* Underwear_w_0.png */,
				55AE841E16628C47002CD0E8 /* Underwear_0.png */,
				55A47A18164FB86D003B9981 /* Shoes_w_0.png */,
				55A47A14164FB81F003B9981 /* Shoes_0.png */,
				55A47A0C164FB5B2003B9981 /* Trousers & jeans_w_0.png */,
				55AE3EB8162AF37100CE66E9 /* Trousers & jeans_0.png */,
				55A47A12164FB7AC003B9981 /* T-shirt_w_0.png */,
				55AE3EB7162AF37100CE66E9 /* T-shirt_0.png */,
			);
			name = men;
			sourceTree = "<group>";
		};
		55AE3EB1162AF37100CE66E9 /* women */ = {
			isa = PBXGroup;
			children = (
				55E60AB116839039000517F4 /* Bras_w_1.png */,
				55E60AAB1682770F000517F4 /* Bras_1.png */,
				55D77A9816666D7F00FA58D6 /* Underwear_w_1.png */,
				55D77A94166651EB00FA58D6 /* Underwear_1.png */,
				55AE83D9165FC599002CD0E8 /* Shirt_1.png */,
				55AE83D1165FC300002CD0E8 /* Coats & jackets_w_1.png */,
				55AE83C2165FC13B002CD0E8 /* Coats & jackets_1.png */,
				55AE83D5165FC42E002CD0E8 /* Dress_w_1.png */,
				55AE83DD165FCDB8002CD0E8 /* Dress_1.png */,
				55AE83D7165FC4A1002CD0E8 /* Shirt_w_1.png */,
				55A479FA164F989D003B9981 /* Shoes_w_1.png */,
				55A479FE164FA47F003B9981 /* Shoes_1.png */,
				55A479F8164F9886003B9981 /* T-shirt_w_1.png */,
				55C36566164E534100705D26 /* T-shirt_1.png */,
				55A479F6164F9861003B9981 /* Trousers & jeans_w_1.png */,
				55A5FE861643B4FB0019755B /* Trousers & jeans_1.png */,
				55A479F4164F9848003B9981 /* Skirt_w_1.png */,
				55A4A2F0164690B800999D26 /* Skirt_1.png */,
			);
			name = women;
			sourceTree = "<group>";
		};
		55AE3EB2162AF37100CE66E9 /* bodies */ = {
			isa = PBXGroup;
			children = (
				55A5FE831643B4E70019755B /* Body_1.png */,
				55AE3EB5162AF37100CE66E9 /* Body_0.png */,
			);
			name = bodies;
			sourceTree = "<group>";
		};
		55B9EB1C15F14E950023290B /* Flags */ = {
			isa = PBXGroup;
			children = (
				55AE83EB16613D65002CD0E8 /* World_Flag.png */,
				55B9EB1D15F14EAC0023290B /* EU_Flag.png */,
				55B9EB1E15F14EAC0023290B /* Jap_Flag.png */,
				55B9EB1F15F14EAC0023290B /* RUS_Flag.png */,
				55B9EB2015F14EAC0023290B /* UK_Flag.png */,
				55B9EB2115F14EAC0023290B /* US_Flag.png */,
			);
			name = Flags;
			sourceTree = "<group>";
		};
		55C6E7AC1629A257004B0743 /* cells_images */ = {
			isa = PBXGroup;
			children = (
				55D77A8216649B4200FA58D6 /* cell_background.png */,
				55C6E7AD1629A2ED004B0743 /* middleRow.png */,
				55B6DFFB15EA7BB600D45064 /* topAndBottomRow.png */,
				55B6DFF815EA7BA600D45064 /* bottomRow.png */,
				55B6DFFC15EA7BB600D45064 /* topRow.png */,
			);
			name = cells_images;
			sourceTree = "<group>";
		};
		55CDC5C815C9B6550051C5F3 /* ViewControllers */ = {
			isa = PBXGroup;
			children = (
				55AC331E15C02D5E00B17709 /* NewProfileViewController.h */,
				55AC331F15C02D5E00B17709 /* NewProfileViewController.m */,
				55CDC5C915C9B7830051C5F3 /* HowToMeasureViewController.h */,
				55CDC5CA15C9B7830051C5F3 /* HowToMeasureViewController.m */,
				55A7233115CD5018005977DC /* ResultViewController.h */,
				55A7233215CD5018005977DC /* ResultViewController.m */,
				55A7233B15CE9DBA005977DC /* MeasureViewController.h */,
				55A7233C15CE9DBA005977DC /* MeasureViewController.m */,
				55B6DFF215EA798200D45064 /* MeasureByParamsViewController.h */,
				55B6DFF315EA798200D45064 /* MeasureByParamsViewController.m */,
				556C95F4167D1361000385BB /* TipsViewController.h */,
				556C95F5167D1361000385BB /* TipsViewController.m */,
				5594B3411681A72D003B8D20 /* FeedbackViewController.h */,
				5594B3421681A72D003B8D20 /* FeedbackViewController.m */,
				559F0492169D7E400004AB3A /* OverlayViewController.h */,
				559F0493169D7E480004AB3A /* OverlayViewController.m */,
				559F049F169DF0DA0004AB3A /* BrandsViewController.h */,
				559F04A0169DF0DB0004AB3A /* BrandsViewController.m */,
				559F04B1169F4B3C0004AB3A /* BrandSizesViewController.h */,
				559F04B2169F4B3C0004AB3A /* BrandSizesViewController.m */,
			);
			name = ViewControllers;
			sourceTree = "<group>";
		};
		55CDC5DA15C9D3910051C5F3 /* clothes */ = {
			isa = PBXGroup;
			children = (
				55AE3EB1162AF37100CE66E9 /* women */,
				55AE3EB0162AF37100CE66E9 /* men */,
			);
			name = clothes;
			sourceTree = "<group>";
		};
		55E60A8716825139000517F4 /* btnBackgrounds */ = {
			isa = PBXGroup;
			children = (
				55A47A22164FC042003B9981 /* asBtnBackground_.png */,
				55AE840416622F76002CD0E8 /* asBtnBackground.png */,
				55E60A851682512F000517F4 /* grayBtnBackground.png */,
			);
			name = btnBackgrounds;
			sourceTree = "<group>";
		};
		55E60A8816825D54000517F4 /* Tips_images */ = {
			isa = PBXGroup;
			children = (
				555D44771683C329003DE187 /* Under chest_side_1.png */,
				555D44761683C329003DE187 /* Under chest_1.png */,
				55E60AA916827332000517F4 /* Waist_side_1.png */,
				55E60A9C168268FE000517F4 /* Hips_side_1.png */,
				55E60A9516825D87000517F4 /* Hips_1.png */,
				55E60A9016825D7C000517F4 /* Waist_1.png */,
				55E60A9A168268F5000517F4 /* Chest_side_1.png */,
				55E60A8A16825D6E000517F4 /* Chest_1.png */,
				55E60A9116825D7C000517F4 /* Waist_side_0.png */,
				55E60A8F16825D7C000517F4 /* Waist_0.png */,
				55E60A8B16825D6E000517F4 /* Chest_side_0.png */,
				55E60A8916825D6E000517F4 /* Chest_0.png */,
			);
			name = Tips_images;
			sourceTree = "<group>";
		};
		55E60AB31683AA01000517F4 /* Icons */ = {
			isa = PBXGroup;
			children = (
				555D44871683DEB2003DE187 /* Icon-72.png */,
				555D44881683DEB2003DE187 /* Icon-Small-50.png */,
				555D44891683DEB2003DE187 /* Icon-Small.png */,
				555D448A1683DEB2003DE187 /* Icon-Small@2x.png */,
				55E60AC01683AE69000517F4 /* icon.png */,
				55E60AC21683AE6E000517F4 /* icon@2x.png */,
			);
			name = Icons;
			sourceTree = "<group>";
		};
/* End PBXGroup section */

/* Begin PBXNativeTarget section */
		55AC330415C02D5E00B17709 /* EasySize */ = {
			isa = PBXNativeTarget;
			buildConfigurationList = 55AC332915C02D5E00B17709 /* Build configuration list for PBXNativeTarget "EasySize" */;
			buildPhases = (
				55AC330115C02D5E00B17709 /* Sources */,
				55AC330215C02D5E00B17709 /* Frameworks */,
				55AC330315C02D5E00B17709 /* Resources */,
			);
			buildRules = (
			);
			dependencies = (
			);
			name = EasySize;
			productName = EasySize;
			productReference = 55AC330515C02D5E00B17709 /* EasySize.app */;
			productType = "com.apple.product-type.application";
		};
/* End PBXNativeTarget section */

/* Begin PBXProject section */
		55AC32FC15C02D5E00B17709 /* Project object */ = {
			isa = PBXProject;
			attributes = {
				LastUpgradeCheck = 0430;
			};
			buildConfigurationList = 55AC32FF15C02D5E00B17709 /* Build configuration list for PBXProject "EasySize" */;
			compatibilityVersion = "Xcode 3.2";
			developmentRegion = English;
			hasScannedForEncodings = 0;
			knownRegions = (
				en,
				ru,
			);
			mainGroup = 55AC32FA15C02D5E00B17709;
			productRefGroup = 55AC330615C02D5E00B17709 /* Products */;
			projectDirPath = "";
			projectRoot = "";
			targets = (
				55AC330415C02D5E00B17709 /* EasySize */,
			);
		};
/* End PBXProject section */

/* Begin PBXResourcesBuildPhase section */
		55AC330315C02D5E00B17709 /* Resources */ = {
			isa = PBXResourcesBuildPhase;
			buildActionMask = 2147483647;
			files = (
				55AC331415C02D5E00B17709 /* InfoPlist.strings in Resources */,
				55CDC5C615C98A280051C5F3 /* Default.png in Resources */,
				55CDC5C715C98A280051C5F3 /* Default@2x.png in Resources */,
				55CDC5CF15C9B8300051C5F3 /* HowToMeasure.xib in Resources */,
				55A7233515CD5018005977DC /* ResultView.xib in Resources */,
				55A7233F15CE9DBA005977DC /* MeasureView.xib in Resources */,
				55B6DFF615EA798200D45064 /* MeasureByParamsView.xib in Resources */,
				55B6DFF915EA7BA600D45064 /* bottomRow.png in Resources */,
				55B6DFFE15EA7BB600D45064 /* topAndBottomRow.png in Resources */,
				55B6DFFF15EA7BB600D45064 /* topRow.png in Resources */,
				55B9EB1715F106C50023290B /* ruler.png in Resources */,
				55B9EB2215F14EAC0023290B /* EU_Flag.png in Resources */,
				55B9EB2315F14EAC0023290B /* Jap_Flag.png in Resources */,
				55B9EB2415F14EAC0023290B /* RUS_Flag.png in Resources */,
				55B9EB2515F14EAC0023290B /* UK_Flag.png in Resources */,
				55B9EB2615F14EAC0023290B /* US_Flag.png in Resources */,
				555564671604743E0086039A /* background.png in Resources */,
				555564681604743E0086039A /* background@2x.png in Resources */,
				55E57F86160B0E970028E69E /* Default-568h@2x.png in Resources */,
				55A75B0D16125135008077C5 /* Localizable.strings in Resources */,
				55A75B1316125135008077C5 /* NewProfileView.xib in Resources */,
				55A75B1516125135008077C5 /* RootView.xib in Resources */,
				55B444EE1621D4D8004291E2 /* CustomCell.xib in Resources */,
				55D683311625645000FA8E75 /* No_photo.png in Resources */,
				55C6E7AE1629A2ED004B0743 /* middleRow.png in Resources */,
				55AE3EB6162AF37100CE66E9 /* Body_0.png in Resources */,
				55AE3EB9162AF37100CE66E9 /* T-shirt_0.png in Resources */,
				55AE3EBA162AF37100CE66E9 /* Trousers & jeans_0.png in Resources */,
				55A5FE841643B4E70019755B /* Body_1.png in Resources */,
				55A5FE871643B4FB0019755B /* Trousers & jeans_1.png in Resources */,
				55A4A2F1164690B800999D26 /* Skirt_1.png in Resources */,
				55C36558164CE30E00705D26 /* wardrobe.png in Resources */,
				55C3655C164E38DD00705D26 /* navBar.png in Resources */,
				55C3655D164E38DD00705D26 /* navBar@2x.png in Resources */,
				55C36567164E534200705D26 /* T-shirt_1.png in Resources */,
				55A479F5164F9848003B9981 /* Skirt_w_1.png in Resources */,
				55A479F7164F9861003B9981 /* Trousers & jeans_w_1.png in Resources */,
				55A479F9164F9886003B9981 /* T-shirt_w_1.png in Resources */,
				55A479FB164F989D003B9981 /* Shoes_w_1.png in Resources */,
				55A479FF164FA480003B9981 /* Shoes_1.png in Resources */,
				55A47A0D164FB5B2003B9981 /* Trousers & jeans_w_0.png in Resources */,
				55A47A13164FB7AC003B9981 /* T-shirt_w_0.png in Resources */,
				55A47A15164FB81F003B9981 /* Shoes_0.png in Resources */,
				55A47A19164FB86D003B9981 /* Shoes_w_0.png in Resources */,
				55A47A23164FC042003B9981 /* asBtnBackground_.png in Resources */,
				55AE83C5165FC13B002CD0E8 /* Coats & jackets_1.png in Resources */,
				55AE83D2165FC300002CD0E8 /* Coats & jackets_w_1.png in Resources */,
				55AE83D6165FC42E002CD0E8 /* Dress_w_1.png in Resources */,
				55AE83D8165FC4A1002CD0E8 /* Shirt_w_1.png in Resources */,
				55AE83DA165FC599002CD0E8 /* Shirt_1.png in Resources */,
				55AE83DE165FCDB8002CD0E8 /* Dress_1.png in Resources */,
				55AE83EC16613D65002CD0E8 /* World_Flag.png in Resources */,
				55AE840116622C77002CD0E8 /* barBtn.png in Resources */,
				55AE840516622F76002CD0E8 /* asBtnBackground.png in Resources */,
				55AE840B1662802D002CD0E8 /* Underwear_w_0.png in Resources */,
				55AE841716628529002CD0E8 /* Coats & jackets_0.png in Resources */,
				55AE841B16628745002CD0E8 /* Shirt_0.png in Resources */,
				55AE841F16628C47002CD0E8 /* Underwear_0.png in Resources */,
				55AE84231662AA70002CD0E8 /* HowToMeasure568.xib in Resources */,
				55D77A8316649B4200FA58D6 /* cell_background.png in Resources */,
				55D77A8916660DCA00FA58D6 /* MeasureView568.xib in Resources */,
				55D77A8B166614ED00FA58D6 /* Coats & jackets_w_0.png in Resources */,
				55D77A8D166619F700FA58D6 /* Shirt_w_0.png in Resources */,
				55D77A95166651EB00FA58D6 /* Underwear_1.png in Resources */,
				55D77A9916666D7F00FA58D6 /* Underwear_w_1.png in Resources */,
				556C95F8167D1361000385BB /* TipsView.xib in Resources */,
				5594B3451681A72D003B8D20 /* FeedbackView.xib in Resources */,
				55E60A861682512F000517F4 /* grayBtnBackground.png in Resources */,
				55E60A8C16825D6E000517F4 /* Chest_0.png in Resources */,
				55E60A8D16825D6E000517F4 /* Chest_1.png in Resources */,
				55E60A8E16825D6E000517F4 /* Chest_side_0.png in Resources */,
				55E60A9216825D7C000517F4 /* Waist_0.png in Resources */,
				55E60A9316825D7C000517F4 /* Waist_1.png in Resources */,
				55E60A9416825D7C000517F4 /* Waist_side_0.png in Resources */,
				55E60A9616825D87000517F4 /* Hips_1.png in Resources */,
				55E60A9B168268F5000517F4 /* Chest_side_1.png in Resources */,
				55E60A9D168268FE000517F4 /* Hips_side_1.png in Resources */,
				55E60AAA16827332000517F4 /* Waist_side_1.png in Resources */,
				55E60AAC1682770F000517F4 /* Bras_1.png in Resources */,
				55E60AB216839039000517F4 /* Bras_w_1.png in Resources */,
				55E60AC11683AE6A000517F4 /* icon.png in Resources */,
				55E60AC31683AE6F000517F4 /* icon@2x.png in Resources */,
				555D44781683C329003DE187 /* Under chest_1.png in Resources */,
				555D44791683C329003DE187 /* Under chest_side_1.png in Resources */,
				555D447C1683C54C003DE187 /* Contour.png in Resources */,
				555D447F1683C778003DE187 /* SideContour.png in Resources */,
				555D448B1683DEB2003DE187 /* Icon-72.png in Resources */,
				555D448C1683DEB2003DE187 /* Icon-Small-50.png in Resources */,
				555D448D1683DEB2003DE187 /* Icon-Small.png in Resources */,
				555D448E1683DEB2003DE187 /* Icon-Small@2x.png in Resources */,
				559F04611699BD570004AB3A /* checkImage.png in Resources */,
				559F046C1699DD860004AB3A /* LICENSE in Resources */,
				559F0480169A05710004AB3A /* leftArrow.png in Resources */,
				559F0481169A05710004AB3A /* rightArrow.png in Resources */,
				559F0490169D7DE80004AB3A /* changeCamera.png in Resources */,
				559F0491169D7DE80004AB3A /* mainCamera.png in Resources */,
				559F0496169D7E500004AB3A /* ImageOverlayView.xib in Resources */,
				559F0498169D7E570004AB3A /* ImageOverlayView568.xib in Resources */,
				559F049E169DEEB10004AB3A /* Brands.plist in Resources */,
				559F04A3169DF0DC0004AB3A /* BrandsView.xib in Resources */,
				559F04B0169F42650004AB3A /* SizesCell.xib in Resources */,
				559F04B5169F4B3D0004AB3A /* BrandSizesView.xib in Resources */,
			);
			runOnlyForDeploymentPostprocessing = 0;
		};
/* End PBXResourcesBuildPhase section */

/* Begin PBXSourcesBuildPhase section */
		55AC330115C02D5E00B17709 /* Sources */ = {
			isa = PBXSourcesBuildPhase;
			buildActionMask = 2147483647;
			files = (
				55AC331615C02D5E00B17709 /* main.m in Sources */,
				55AC331A15C02D5E00B17709 /* AppDelegate.m in Sources */,
				55AC331D15C02D5E00B17709 /* MasterViewController.m in Sources */,
				55AC332015C02D5E00B17709 /* NewProfileViewController.m in Sources */,
				5599957515C57818007B7F15 /* UIImageResize.m in Sources */,
				55CDC5CC15C9B7830051C5F3 /* HowToMeasureViewController.m in Sources */,
				55A7233415CD5018005977DC /* ResultViewController.m in Sources */,
				55A7233E15CE9DBA005977DC /* MeasureViewController.m in Sources */,
				55B6DFF515EA798200D45064 /* MeasureByParamsViewController.m in Sources */,
				55A295EF15EE5D7700D256F7 /* LabeledSlider.m in Sources */,
				55A295F215EE5F0B00D256F7 /* MeasureView.m in Sources */,
				5555646F16047E1D0086039A /* DataManager.m in Sources */,
				555564751604DBC20086039A /* TextFieldWithKey.m in Sources */,
				55B444F11621D59A004291E2 /* CustomCell.m in Sources */,
				55D683351625882A00FA8E75 /* MeasureManager.m in Sources */,
				556C95F7167D1361000385BB /* TipsViewController.m in Sources */,
				5594B3441681A72D003B8D20 /* FeedbackViewController.m in Sources */,
				55E60A991682675D000517F4 /* ImageViewWithKey.m in Sources */,
				559F046D1699DD860004AB3A /* LocalyticsDatabase.m in Sources */,
				559F046E1699DD860004AB3A /* LocalyticsSession.m in Sources */,
				559F046F1699DD860004AB3A /* LocalyticsUploader.m in Sources */,
				559F0494169D7E480004AB3A /* OverlayViewController.m in Sources */,
				559F049B169DED6C0004AB3A /* BrandManager.m in Sources */,
				559F04A2169DF0DC0004AB3A /* BrandsViewController.m in Sources */,
				559F04AE169F423A0004AB3A /* SizesCell.m in Sources */,
				559F04B4169F4B3D0004AB3A /* BrandSizesViewController.m in Sources */,
			);
			runOnlyForDeploymentPostprocessing = 0;
		};
/* End PBXSourcesBuildPhase section */

/* Begin PBXVariantGroup section */
		555D44811683C778003DE187 /* SideContour.png */ = {
			isa = PBXVariantGroup;
			children = (
				555D44801683C778003DE187 /* en */,
				555D44821683C782003DE187 /* ru */,
			);
			name = SideContour.png;
			sourceTree = "<group>";
		};
		55A75B0F16125135008077C5 /* Localizable.strings */ = {
			isa = PBXVariantGroup;
			children = (
				55A75B0E16125135008077C5 /* en */,
				55A75B1616125135008077C5 /* ru */,
			);
			name = Localizable.strings;
			sourceTree = "<group>";
		};
		55AC331215C02D5E00B17709 /* InfoPlist.strings */ = {
			isa = PBXVariantGroup;
			children = (
				55AC331315C02D5E00B17709 /* en */,
			);
			name = InfoPlist.strings;
			sourceTree = "<group>";
		};
/* End PBXVariantGroup section */

/* Begin XCBuildConfiguration section */
		55AC332715C02D5E00B17709 /* Debug */ = {
			isa = XCBuildConfiguration;
			buildSettings = {
				ALWAYS_SEARCH_USER_PATHS = NO;
				ARCHS = "$(ARCHS_STANDARD_32_BIT)";
				"CODE_SIGN_IDENTITY[sdk=iphoneos*]" = "iPhone Developer";
				COPY_PHASE_STRIP = NO;
				GCC_C_LANGUAGE_STANDARD = gnu99;
				GCC_DYNAMIC_NO_PIC = NO;
				GCC_OPTIMIZATION_LEVEL = 0;
				GCC_PREPROCESSOR_DEFINITIONS = (
					"DEBUG=1",
					"$(inherited)",
				);
				GCC_SYMBOLS_PRIVATE_EXTERN = NO;
				GCC_VERSION = com.apple.compilers.llvm.clang.1_0;
				GCC_WARN_ABOUT_RETURN_TYPE = YES;
				GCC_WARN_UNINITIALIZED_AUTOS = YES;
				GCC_WARN_UNUSED_VARIABLE = YES;
				IPHONEOS_DEPLOYMENT_TARGET = 5.0;
				SDKROOT = iphoneos;
			};
			name = Debug;
		};
		55AC332815C02D5E00B17709 /* Release */ = {
			isa = XCBuildConfiguration;
			buildSettings = {
				ALWAYS_SEARCH_USER_PATHS = NO;
				ARCHS = "$(ARCHS_STANDARD_32_BIT)";
				"CODE_SIGN_IDENTITY[sdk=iphoneos*]" = "iPhone Developer";
				COPY_PHASE_STRIP = YES;
				GCC_C_LANGUAGE_STANDARD = gnu99;
				GCC_VERSION = com.apple.compilers.llvm.clang.1_0;
				GCC_WARN_ABOUT_RETURN_TYPE = YES;
				GCC_WARN_UNINITIALIZED_AUTOS = YES;
				GCC_WARN_UNUSED_VARIABLE = YES;
				IPHONEOS_DEPLOYMENT_TARGET = 5.0;
				OTHER_CFLAGS = "-DNS_BLOCK_ASSERTIONS=1";
				SDKROOT = iphoneos;
				VALIDATE_PRODUCT = YES;
			};
			name = Release;
		};
		55AC332A15C02D5E00B17709 /* Debug */ = {
			isa = XCBuildConfiguration;
			buildSettings = {
				GCC_PRECOMPILE_PREFIX_HEADER = YES;
				GCC_PREFIX_HEADER = "EasySize/EasySize-Prefix.pch";
				INFOPLIST_FILE = "EasySize/EasySize-Info.plist";
				PRODUCT_NAME = "$(TARGET_NAME)";
				WRAPPER_EXTENSION = app;
			};
			name = Debug;
		};
		55AC332B15C02D5E00B17709 /* Release */ = {
			isa = XCBuildConfiguration;
			buildSettings = {
				CODE_SIGN_IDENTITY = "iPhone Distribution";
				GCC_PRECOMPILE_PREFIX_HEADER = YES;
				GCC_PREFIX_HEADER = "EasySize/EasySize-Prefix.pch";
				INFOPLIST_FILE = "EasySize/EasySize-Info.plist";
				PRODUCT_NAME = "$(TARGET_NAME)";
				PROVISIONING_PROFILE = "";
				WRAPPER_EXTENSION = app;
			};
			name = Release;
		};
/* End XCBuildConfiguration section */

/* Begin XCConfigurationList section */
		55AC32FF15C02D5E00B17709 /* Build configuration list for PBXProject "EasySize" */ = {
			isa = XCConfigurationList;
			buildConfigurations = (
				55AC332715C02D5E00B17709 /* Debug */,
				55AC332815C02D5E00B17709 /* Release */,
			);
			defaultConfigurationIsVisible = 0;
			defaultConfigurationName = Release;
		};
		55AC332915C02D5E00B17709 /* Build configuration list for PBXNativeTarget "EasySize" */ = {
			isa = XCConfigurationList;
			buildConfigurations = (
				55AC332A15C02D5E00B17709 /* Debug */,
				55AC332B15C02D5E00B17709 /* Release */,
			);
			defaultConfigurationIsVisible = 0;
			defaultConfigurationName = Release;
		};
/* End XCConfigurationList section */
	};
	rootObject = 55AC32FC15C02D5E00B17709 /* Project object */;
}
